
Microsoft Visual Studio Solution File, Format Version 12.00
# Visual Studio 15
Project("{FAE04EC0-301F-11D3-BF4B-00C04F79EFBC}") = "Whitebox Level Design", "Assembly-CSharp.csproj", "{191503FC-2F35-8D7F-BCC5-BEB337174FA9}"
EndProject
Project("{FAE04EC0-301F-11D3-BF4B-00C04F79EFBC}") = "Whitebox Level Design", "Assembly-CSharp-Editor.csproj", "{02FC87C9-47A6-F947-274E-2EF5DDC5891C}"
EndProject
Global
	GlobalSection(SolutionConfigurationPlatforms) = preSolution
		Debug|Any CPU = Debug|Any CPU
		Release|Any CPU = Release|Any CPU
	EndGlobalSection
	GlobalSection(ProjectConfigurationPlatforms) = postSolution
		{191503FC-2F35-8D7F-BCC5-BEB337174FA9}.Debug|Any CPU.ActiveCfg = Debug|Any CPU
		{191503FC-2F35-8D7F-BCC5-BEB337174FA9}.Debug|Any CPU.Build.0 = Debug|Any CPU
		{191503FC-2F35-8D7F-BCC5-BEB337174FA9}.Release|Any CPU.ActiveCfg = Release|Any CPU
		{191503FC-2F35-8D7F-BCC5-BEB337174FA9}.Release|Any CPU.Build.0 = Release|Any CPU
		{02FC87C9-47A6-F947-274E-2EF5DDC5891C}.Debug|Any CPU.ActiveCfg = Debug|Any CPU
		{02FC87C9-47A6-F947-274E-2EF5DDC5891C}.Debug|Any CPU.Build.0 = Debug|Any CPU
		{02FC87C9-47A6-F947-274E-2EF5DDC5891C}.Release|Any CPU.ActiveCfg = Release|Any CPU
		{02FC87C9-47A6-F947-274E-2EF5DDC5891C}.Release|Any CPU.Build.0 = Release|Any CPU
	EndGlobalSection
	GlobalSection(SolutionProperties) = preSolution
		HideSolutionNode = FALSE
	EndGlobalSection
EndGlobal
